// !$*UTF8*$!
{
	archiveVersion = 1;
	classes = {
	};
	objectVersion = 56;
	objects = {

/* Begin PBXBuildFile section */
		D914829829B3808600F828F3 /* ErrorMessage.swift in Sources */ = {isa = PBXBuildFile; fileRef = D914829729B3808600F828F3 /* ErrorMessage.swift */; };
		D914829B29B3898C00F828F3 /* FollowerCell.swift in Sources */ = {isa = PBXBuildFile; fileRef = D914829A29B3898C00F828F3 /* FollowerCell.swift */; };
		D914829D29B389FA00F828F3 /* GFAvatarImageView.swift in Sources */ = {isa = PBXBuildFile; fileRef = D914829C29B389FA00F828F3 /* GFAvatarImageView.swift */; };
		D91482A129B38EED00F828F3 /* ExampleView.swift in Sources */ = {isa = PBXBuildFile; fileRef = D91482A029B38EED00F828F3 /* ExampleView.swift */; };
		D95636DD29B8A9C7004E817F /* UIHelper.swift in Sources */ = {isa = PBXBuildFile; fileRef = D95636DC29B8A9C7004E817F /* UIHelper.swift */; };
		D95636E529B9FE8E004E817F /* GFEmptyStateView.swift in Sources */ = {isa = PBXBuildFile; fileRef = D95636E429B9FE8E004E817F /* GFEmptyStateView.swift */; };
		D957271329B02094001BBE43 /* NetworkManager.swift in Sources */ = {isa = PBXBuildFile; fileRef = D957271229B02094001BBE43 /* NetworkManager.swift */; };
		D96490DB29C0D83A0036CD86 /* UserInfoVC.swift in Sources */ = {isa = PBXBuildFile; fileRef = D96490DA29C0D83A0036CD86 /* UserInfoVC.swift */; };
		D990AA5D29A2C75A00DF3500 /* AppDelegate.swift in Sources */ = {isa = PBXBuildFile; fileRef = D990AA5C29A2C75A00DF3500 /* AppDelegate.swift */; };
		D990AA5F29A2C75A00DF3500 /* SceneDelegate.swift in Sources */ = {isa = PBXBuildFile; fileRef = D990AA5E29A2C75A00DF3500 /* SceneDelegate.swift */; };
		D990AA6129A2C75A00DF3500 /* ViewController.swift in Sources */ = {isa = PBXBuildFile; fileRef = D990AA6029A2C75A00DF3500 /* ViewController.swift */; };
		D990AA6629A2C75B00DF3500 /* Assets.xcassets in Resources */ = {isa = PBXBuildFile; fileRef = D990AA6529A2C75B00DF3500 /* Assets.xcassets */; };
		D990AA6929A2C75B00DF3500 /* LaunchScreen.storyboard in Resources */ = {isa = PBXBuildFile; fileRef = D990AA6729A2C75B00DF3500 /* LaunchScreen.storyboard */; };
		D9BC0E0F29AB919900D0D6D0 /* UIViewController+Ext.swift in Sources */ = {isa = PBXBuildFile; fileRef = D9BC0E0E29AB919900D0D6D0 /* UIViewController+Ext.swift */; };
		D9BC0E1629ADFFBD00D0D6D0 /* Follower.swift in Sources */ = {isa = PBXBuildFile; fileRef = D9BC0E1529ADFFBD00D0D6D0 /* Follower.swift */; };
		D9BC0E1829AE008700D0D6D0 /* User.swift in Sources */ = {isa = PBXBuildFile; fileRef = D9BC0E1729AE008700D0D6D0 /* User.swift */; };
		D9CE277029A4C5E500C4006E /* SearchVC.swift in Sources */ = {isa = PBXBuildFile; fileRef = D9CE276F29A4C5E500C4006E /* SearchVC.swift */; };
		D9CE277229A4C60F00C4006E /* FavouritesListVC.swift in Sources */ = {isa = PBXBuildFile; fileRef = D9CE277129A4C60F00C4006E /* FavouritesListVC.swift */; };
		D9CE277429A52F4200C4006E /* GFButton.swift in Sources */ = {isa = PBXBuildFile; fileRef = D9CE277329A52F4200C4006E /* GFButton.swift */; };
		D9CE277629A619B600C4006E /* GFTextField.swift in Sources */ = {isa = PBXBuildFile; fileRef = D9CE277529A619B600C4006E /* GFTextField.swift */; };
		D9F78A2829A8CADA00FE3B62 /* FollowerListVC.swift in Sources */ = {isa = PBXBuildFile; fileRef = D9F78A2729A8CADA00FE3B62 /* FollowerListVC.swift */; };
		D9F78A2A29A8CEE500FE3B62 /* String+Ext.swift in Sources */ = {isa = PBXBuildFile; fileRef = D9F78A2929A8CEE500FE3B62 /* String+Ext.swift */; };
		D9F78A2C29AA48C400FE3B62 /* GFTitleLabel.swift in Sources */ = {isa = PBXBuildFile; fileRef = D9F78A2B29AA48C400FE3B62 /* GFTitleLabel.swift */; };
		D9F78A2E29AA4AB000FE3B62 /* GFBodyLabel.swift in Sources */ = {isa = PBXBuildFile; fileRef = D9F78A2D29AA4AB000FE3B62 /* GFBodyLabel.swift */; };
		D9F78A3029AA4BC400FE3B62 /* GFAlertVC.swift in Sources */ = {isa = PBXBuildFile; fileRef = D9F78A2F29AA4BC400FE3B62 /* GFAlertVC.swift */; };
		D9F78A3229AA501700FE3B62 /* GFAlertContainerView.swift in Sources */ = {isa = PBXBuildFile; fileRef = D9F78A3129AA501700FE3B62 /* GFAlertContainerView.swift */; };
/* End PBXBuildFile section */

/* Begin PBXFileReference section */
		D914829729B3808600F828F3 /* ErrorMessage.swift */ = {isa = PBXFileReference; lastKnownFileType = sourcecode.swift; path = ErrorMessage.swift; sourceTree = "<group>"; };
		D914829A29B3898C00F828F3 /* FollowerCell.swift */ = {isa = PBXFileReference; lastKnownFileType = sourcecode.swift; path = FollowerCell.swift; sourceTree = "<group>"; };
		D914829C29B389FA00F828F3 /* GFAvatarImageView.swift */ = {isa = PBXFileReference; lastKnownFileType = sourcecode.swift; path = GFAvatarImageView.swift; sourceTree = "<group>"; };
		D91482A029B38EED00F828F3 /* ExampleView.swift */ = {isa = PBXFileReference; lastKnownFileType = sourcecode.swift; path = ExampleView.swift; sourceTree = "<group>"; };
		D95636DC29B8A9C7004E817F /* UIHelper.swift */ = {isa = PBXFileReference; lastKnownFileType = sourcecode.swift; path = UIHelper.swift; sourceTree = "<group>"; };
		D95636E429B9FE8E004E817F /* GFEmptyStateView.swift */ = {isa = PBXFileReference; lastKnownFileType = sourcecode.swift; path = GFEmptyStateView.swift; sourceTree = "<group>"; };
		D957271229B02094001BBE43 /* NetworkManager.swift */ = {isa = PBXFileReference; lastKnownFileType = sourcecode.swift; path = NetworkManager.swift; sourceTree = "<group>"; };
		D96490DA29C0D83A0036CD86 /* UserInfoVC.swift */ = {isa = PBXFileReference; lastKnownFileType = sourcecode.swift; path = UserInfoVC.swift; sourceTree = "<group>"; };
		D990AA5929A2C75A00DF3500 /* GitFollowers.app */ = {isa = PBXFileReference; explicitFileType = wrapper.application; includeInIndex = 0; path = GitFollowers.app; sourceTree = BUILT_PRODUCTS_DIR; };
		D990AA5C29A2C75A00DF3500 /* AppDelegate.swift */ = {isa = PBXFileReference; lastKnownFileType = sourcecode.swift; path = AppDelegate.swift; sourceTree = "<group>"; };
		D990AA5E29A2C75A00DF3500 /* SceneDelegate.swift */ = {isa = PBXFileReference; lastKnownFileType = sourcecode.swift; path = SceneDelegate.swift; sourceTree = "<group>"; };
		D990AA6029A2C75A00DF3500 /* ViewController.swift */ = {isa = PBXFileReference; lastKnownFileType = sourcecode.swift; path = ViewController.swift; sourceTree = "<group>"; };
		D990AA6529A2C75B00DF3500 /* Assets.xcassets */ = {isa = PBXFileReference; lastKnownFileType = folder.assetcatalog; path = Assets.xcassets; sourceTree = "<group>"; };
		D990AA6829A2C75B00DF3500 /* Base */ = {isa = PBXFileReference; lastKnownFileType = file.storyboard; name = Base; path = Base.lproj/LaunchScreen.storyboard; sourceTree = "<group>"; };
		D990AA6A29A2C75B00DF3500 /* Info.plist */ = {isa = PBXFileReference; lastKnownFileType = text.plist.xml; path = Info.plist; sourceTree = "<group>"; };
		D9BC0E0E29AB919900D0D6D0 /* UIViewController+Ext.swift */ = {isa = PBXFileReference; lastKnownFileType = sourcecode.swift; path = "UIViewController+Ext.swift"; sourceTree = "<group>"; };
		D9BC0E1529ADFFBD00D0D6D0 /* Follower.swift */ = {isa = PBXFileReference; lastKnownFileType = sourcecode.swift; path = Follower.swift; sourceTree = "<group>"; };
		D9BC0E1729AE008700D0D6D0 /* User.swift */ = {isa = PBXFileReference; lastKnownFileType = sourcecode.swift; path = User.swift; sourceTree = "<group>"; };
		D9CE276F29A4C5E500C4006E /* SearchVC.swift */ = {isa = PBXFileReference; lastKnownFileType = sourcecode.swift; path = SearchVC.swift; sourceTree = "<group>"; };
		D9CE277129A4C60F00C4006E /* FavouritesListVC.swift */ = {isa = PBXFileReference; lastKnownFileType = sourcecode.swift; path = FavouritesListVC.swift; sourceTree = "<group>"; };
		D9CE277329A52F4200C4006E /* GFButton.swift */ = {isa = PBXFileReference; lastKnownFileType = sourcecode.swift; path = GFButton.swift; sourceTree = "<group>"; };
		D9CE277529A619B600C4006E /* GFTextField.swift */ = {isa = PBXFileReference; lastKnownFileType = sourcecode.swift; path = GFTextField.swift; sourceTree = "<group>"; };
		D9F78A2729A8CADA00FE3B62 /* FollowerListVC.swift */ = {isa = PBXFileReference; lastKnownFileType = sourcecode.swift; path = FollowerListVC.swift; sourceTree = "<group>"; };
		D9F78A2929A8CEE500FE3B62 /* String+Ext.swift */ = {isa = PBXFileReference; fileEncoding = 4; lastKnownFileType = sourcecode.swift; path = "String+Ext.swift"; sourceTree = "<group>"; };
		D9F78A2B29AA48C400FE3B62 /* GFTitleLabel.swift */ = {isa = PBXFileReference; lastKnownFileType = sourcecode.swift; path = GFTitleLabel.swift; sourceTree = "<group>"; };
		D9F78A2D29AA4AB000FE3B62 /* GFBodyLabel.swift */ = {isa = PBXFileReference; lastKnownFileType = sourcecode.swift; path = GFBodyLabel.swift; sourceTree = "<group>"; };
		D9F78A2F29AA4BC400FE3B62 /* GFAlertVC.swift */ = {isa = PBXFileReference; lastKnownFileType = sourcecode.swift; path = GFAlertVC.swift; sourceTree = "<group>"; };
		D9F78A3129AA501700FE3B62 /* GFAlertContainerView.swift */ = {isa = PBXFileReference; lastKnownFileType = sourcecode.swift; path = GFAlertContainerView.swift; sourceTree = "<group>"; };
/* End PBXFileReference section */

/* Begin PBXFrameworksBuildPhase section */
		D990AA5629A2C75A00DF3500 /* Frameworks */ = {
			isa = PBXFrameworksBuildPhase;
			buildActionMask = 2147483647;
			files = (
			);
			runOnlyForDeploymentPostprocessing = 0;
		};
/* End PBXFrameworksBuildPhase section */

/* Begin PBXGroup section */
		D914829629B3807600F828F3 /* Utilities */ = {
			isa = PBXGroup;
			children = (
				D914829729B3808600F828F3 /* ErrorMessage.swift */,
				D95636DC29B8A9C7004E817F /* UIHelper.swift */,
			);
			path = Utilities;
			sourceTree = "<group>";
		};
		D914829929B3896500F828F3 /* Cells */ = {
			isa = PBXGroup;
			children = (
				D914829A29B3898C00F828F3 /* FollowerCell.swift */,
				D91482A029B38EED00F828F3 /* ExampleView.swift */,
			);
			path = Cells;
			sourceTree = "<group>";
		};
		D95636DE29B9FDD2004E817F /* Views */ = {
			isa = PBXGroup;
			children = (
				D9F78A3129AA501700FE3B62 /* GFAlertContainerView.swift */,
				D95636E429B9FE8E004E817F /* GFEmptyStateView.swift */,
			);
			path = Views;
			sourceTree = "<group>";
		};
		D95636DF29B9FDD9004E817F /* Buttons */ = {
			isa = PBXGroup;
			children = (
				D9CE277329A52F4200C4006E /* GFButton.swift */,
			);
			path = Buttons;
			sourceTree = "<group>";
		};
		D95636E029B9FDDE004E817F /* TextField */ = {
			isa = PBXGroup;
			children = (
				D9CE277529A619B600C4006E /* GFTextField.swift */,
			);
			path = TextField;
			sourceTree = "<group>";
		};
		D95636E129B9FDE5004E817F /* ImageViews */ = {
			isa = PBXGroup;
			children = (
				D914829C29B389FA00F828F3 /* GFAvatarImageView.swift */,
			);
			path = ImageViews;
			sourceTree = "<group>";
		};
		D95636E229B9FDED004E817F /* ViewControllers */ = {
			isa = PBXGroup;
			children = (
				D9F78A2F29AA4BC400FE3B62 /* GFAlertVC.swift */,
			);
			path = ViewControllers;
			sourceTree = "<group>";
		};
		D95636E329B9FE01004E817F /* Labels */ = {
			isa = PBXGroup;
			children = (
				D9F78A2B29AA48C400FE3B62 /* GFTitleLabel.swift */,
				D9F78A2D29AA4AB000FE3B62 /* GFBodyLabel.swift */,
			);
			path = Labels;
			sourceTree = "<group>";
		};
		D957271129B0203E001BBE43 /* Managers */ = {
			isa = PBXGroup;
			children = (
				D957271229B02094001BBE43 /* NetworkManager.swift */,
			);
			path = Managers;
			sourceTree = "<group>";
		};
		D990AA5029A2C75A00DF3500 = {
			isa = PBXGroup;
			children = (
				D990AA5B29A2C75A00DF3500 /* GitFollowers */,
				D990AA5A29A2C75A00DF3500 /* Products */,
			);
			sourceTree = "<group>";
		};
		D990AA5A29A2C75A00DF3500 /* Products */ = {
			isa = PBXGroup;
			children = (
				D990AA5929A2C75A00DF3500 /* GitFollowers.app */,
			);
			name = Products;
			sourceTree = "<group>";
		};
		D990AA5B29A2C75A00DF3500 /* GitFollowers */ = {
			isa = PBXGroup;
			children = (
				D914829629B3807600F828F3 /* Utilities */,
				D957271129B0203E001BBE43 /* Managers */,
				D990AA6A29A2C75B00DF3500 /* Info.plist */,
				D9BC0E1429ADFFB200D0D6D0 /* Model */,
				D9BC0E1329AD12A500D0D6D0 /* Support */,
				D9BC0E1229AD124200D0D6D0 /* Extensions */,
				D9BC0E1129AD122200D0D6D0 /* CustomViews */,
				D9BC0E1029AD11BE00D0D6D0 /* Screens */,
			);
			path = GitFollowers;
			sourceTree = "<group>";
		};
		D9BC0E1029AD11BE00D0D6D0 /* Screens */ = {
			isa = PBXGroup;
			children = (
				D9CE276F29A4C5E500C4006E /* SearchVC.swift */,
				D9F78A2729A8CADA00FE3B62 /* FollowerListVC.swift */,
				D9CE277129A4C60F00C4006E /* FavouritesListVC.swift */,
				D96490DA29C0D83A0036CD86 /* UserInfoVC.swift */,
			);
			path = Screens;
			sourceTree = "<group>";
		};
		D9BC0E1129AD122200D0D6D0 /* CustomViews */ = {
			isa = PBXGroup;
			children = (
				D95636E329B9FE01004E817F /* Labels */,
				D95636E229B9FDED004E817F /* ViewControllers */,
				D95636E129B9FDE5004E817F /* ImageViews */,
				D95636E029B9FDDE004E817F /* TextField */,
				D95636DF29B9FDD9004E817F /* Buttons */,
				D95636DE29B9FDD2004E817F /* Views */,
				D914829929B3896500F828F3 /* Cells */,
			);
			path = CustomViews;
			sourceTree = "<group>";
		};
		D9BC0E1229AD124200D0D6D0 /* Extensions */ = {
			isa = PBXGroup;
			children = (
				D9F78A2929A8CEE500FE3B62 /* String+Ext.swift */,
				D9BC0E0E29AB919900D0D6D0 /* UIViewController+Ext.swift */,
			);
			path = Extensions;
			sourceTree = "<group>";
		};
		D9BC0E1329AD12A500D0D6D0 /* Support */ = {
			isa = PBXGroup;
			children = (
				D990AA5C29A2C75A00DF3500 /* AppDelegate.swift */,
				D990AA5E29A2C75A00DF3500 /* SceneDelegate.swift */,
				D990AA6029A2C75A00DF3500 /* ViewController.swift */,
				D990AA6529A2C75B00DF3500 /* Assets.xcassets */,
				D990AA6729A2C75B00DF3500 /* LaunchScreen.storyboard */,
			);
			path = Support;
			sourceTree = "<group>";
		};
		D9BC0E1429ADFFB200D0D6D0 /* Model */ = {
			isa = PBXGroup;
			children = (
				D9BC0E1529ADFFBD00D0D6D0 /* Follower.swift */,
				D9BC0E1729AE008700D0D6D0 /* User.swift */,
			);
			path = Model;
			sourceTree = "<group>";
		};
/* End PBXGroup section */

/* Begin PBXNativeTarget section */
		D990AA5829A2C75A00DF3500 /* GitFollowers */ = {
			isa = PBXNativeTarget;
			buildConfigurationList = D990AA6D29A2C75B00DF3500 /* Build configuration list for PBXNativeTarget "GitFollowers" */;
			buildPhases = (
				D990AA5529A2C75A00DF3500 /* Sources */,
				D990AA5629A2C75A00DF3500 /* Frameworks */,
				D990AA5729A2C75A00DF3500 /* Resources */,
			);
			buildRules = (
			);
			dependencies = (
			);
			name = GitFollowers;
			productName = GitFollowers;
			productReference = D990AA5929A2C75A00DF3500 /* GitFollowers.app */;
			productType = "com.apple.product-type.application";
		};
/* End PBXNativeTarget section */

/* Begin PBXProject section */
		D990AA5129A2C75A00DF3500 /* Project object */ = {
			isa = PBXProject;
			attributes = {
				BuildIndependentTargetsInParallel = 1;
				LastSwiftUpdateCheck = 1420;
				LastUpgradeCheck = 1420;
				TargetAttributes = {
					D990AA5829A2C75A00DF3500 = {
						CreatedOnToolsVersion = 14.2;
					};
				};
			};
			buildConfigurationList = D990AA5429A2C75A00DF3500 /* Build configuration list for PBXProject "GitFollowers" */;
			compatibilityVersion = "Xcode 14.0";
			developmentRegion = en;
			hasScannedForEncodings = 0;
			knownRegions = (
				en,
				Base,
			);
			mainGroup = D990AA5029A2C75A00DF3500;
			productRefGroup = D990AA5A29A2C75A00DF3500 /* Products */;
			projectDirPath = "";
			projectRoot = "";
			targets = (
				D990AA5829A2C75A00DF3500 /* GitFollowers */,
			);
		};
/* End PBXProject section */

/* Begin PBXResourcesBuildPhase section */
		D990AA5729A2C75A00DF3500 /* Resources */ = {
			isa = PBXResourcesBuildPhase;
			buildActionMask = 2147483647;
			files = (
				D990AA6929A2C75B00DF3500 /* LaunchScreen.storyboard in Resources */,
				D990AA6629A2C75B00DF3500 /* Assets.xcassets in Resources */,
			);
			runOnlyForDeploymentPostprocessing = 0;
		};
/* End PBXResourcesBuildPhase section */

/* Begin PBXSourcesBuildPhase section */
		D990AA5529A2C75A00DF3500 /* Sources */ = {
			isa = PBXSourcesBuildPhase;
			buildActionMask = 2147483647;
			files = (
				D9F78A3229AA501700FE3B62 /* GFAlertContainerView.swift in Sources */,
				D9BC0E1629ADFFBD00D0D6D0 /* Follower.swift in Sources */,
				D9F78A2A29A8CEE500FE3B62 /* String+Ext.swift in Sources */,
				D95636DD29B8A9C7004E817F /* UIHelper.swift in Sources */,
				D914829B29B3898C00F828F3 /* FollowerCell.swift in Sources */,
				D9BC0E0F29AB919900D0D6D0 /* UIViewController+Ext.swift in Sources */,
				D91482A129B38EED00F828F3 /* ExampleView.swift in Sources */,
				D914829829B3808600F828F3 /* ErrorMessage.swift in Sources */,
				D9BC0E1829AE008700D0D6D0 /* User.swift in Sources */,
				D9CE277029A4C5E500C4006E /* SearchVC.swift in Sources */,
				D990AA6129A2C75A00DF3500 /* ViewController.swift in Sources */,
				D9CE277429A52F4200C4006E /* GFButton.swift in Sources */,
				D9F78A3029AA4BC400FE3B62 /* GFAlertVC.swift in Sources */,
				D990AA5D29A2C75A00DF3500 /* AppDelegate.swift in Sources */,
				D957271329B02094001BBE43 /* NetworkManager.swift in Sources */,
				D9CE277229A4C60F00C4006E /* FavouritesListVC.swift in Sources */,
				D9F78A2E29AA4AB000FE3B62 /* GFBodyLabel.swift in Sources */,
				D990AA5F29A2C75A00DF3500 /* SceneDelegate.swift in Sources */,
				D914829D29B389FA00F828F3 /* GFAvatarImageView.swift in Sources */,
				D95636E529B9FE8E004E817F /* GFEmptyStateView.swift in Sources */,
				D9F78A2829A8CADA00FE3B62 /* FollowerListVC.swift in Sources */,
				D9F78A2C29AA48C400FE3B62 /* GFTitleLabel.swift in Sources */,
				D9CE277629A619B600C4006E /* GFTextField.swift in Sources */,
				D96490DB29C0D83A0036CD86 /* UserInfoVC.swift in Sources */,
			);
			runOnlyForDeploymentPostprocessing = 0;
		};
/* End PBXSourcesBuildPhase section */

/* Begin PBXVariantGroup section */
		D990AA6729A2C75B00DF3500 /* LaunchScreen.storyboard */ = {
			isa = PBXVariantGroup;
			children = (
				D990AA6829A2C75B00DF3500 /* Base */,
			);
			name = LaunchScreen.storyboard;
			sourceTree = "<group>";
		};
/* End PBXVariantGroup section */

/* Begin XCBuildConfiguration section */
		D990AA6B29A2C75B00DF3500 /* Debug */ = {
			isa = XCBuildConfiguration;
			buildSettings = {
				ALWAYS_SEARCH_USER_PATHS = NO;
				CLANG_ANALYZER_NONNULL = YES;
				CLANG_ANALYZER_NUMBER_OBJECT_CONVERSION = YES_AGGRESSIVE;
				CLANG_CXX_LANGUAGE_STANDARD = "gnu++20";
				CLANG_ENABLE_MODULES = YES;
				CLANG_ENABLE_OBJC_ARC = YES;
				CLANG_ENABLE_OBJC_WEAK = YES;
				CLANG_WARN_BLOCK_CAPTURE_AUTORELEASING = YES;
				CLANG_WARN_BOOL_CONVERSION = YES;
				CLANG_WARN_COMMA = YES;
				CLANG_WARN_CONSTANT_CONVERSION = YES;
				CLANG_WARN_DEPRECATED_OBJC_IMPLEMENTATIONS = YES;
				CLANG_WARN_DIRECT_OBJC_ISA_USAGE = YES_ERROR;
				CLANG_WARN_DOCUMENTATION_COMMENTS = YES;
				CLANG_WARN_EMPTY_BODY = YES;
				CLANG_WARN_ENUM_CONVERSION = YES;
				CLANG_WARN_INFINITE_RECURSION = YES;
				CLANG_WARN_INT_CONVERSION = YES;
				CLANG_WARN_NON_LITERAL_NULL_CONVERSION = YES;
				CLANG_WARN_OBJC_IMPLICIT_RETAIN_SELF = YES;
				CLANG_WARN_OBJC_LITERAL_CONVERSION = YES;
				CLANG_WARN_OBJC_ROOT_CLASS = YES_ERROR;
				CLANG_WARN_QUOTED_INCLUDE_IN_FRAMEWORK_HEADER = YES;
				CLANG_WARN_RANGE_LOOP_ANALYSIS = YES;
				CLANG_WARN_STRICT_PROTOTYPES = YES;
				CLANG_WARN_SUSPICIOUS_MOVE = YES;
				CLANG_WARN_UNGUARDED_AVAILABILITY = YES_AGGRESSIVE;
				CLANG_WARN_UNREACHABLE_CODE = YES;
				CLANG_WARN__DUPLICATE_METHOD_MATCH = YES;
				COPY_PHASE_STRIP = NO;
				DEBUG_INFORMATION_FORMAT = dwarf;
				ENABLE_STRICT_OBJC_MSGSEND = YES;
				ENABLE_TESTABILITY = YES;
				GCC_C_LANGUAGE_STANDARD = gnu11;
				GCC_DYNAMIC_NO_PIC = NO;
				GCC_NO_COMMON_BLOCKS = YES;
				GCC_OPTIMIZATION_LEVEL = 0;
				GCC_PREPROCESSOR_DEFINITIONS = (
					"DEBUG=1",
					"$(inherited)",
				);
				GCC_WARN_64_TO_32_BIT_CONVERSION = YES;
				GCC_WARN_ABOUT_RETURN_TYPE = YES_ERROR;
				GCC_WARN_UNDECLARED_SELECTOR = YES;
				GCC_WARN_UNINITIALIZED_AUTOS = YES_AGGRESSIVE;
				GCC_WARN_UNUSED_FUNCTION = YES;
				GCC_WARN_UNUSED_VARIABLE = YES;
				IPHONEOS_DEPLOYMENT_TARGET = 16.2;
				MTL_ENABLE_DEBUG_INFO = INCLUDE_SOURCE;
				MTL_FAST_MATH = YES;
				ONLY_ACTIVE_ARCH = YES;
				SDKROOT = iphoneos;
				SWIFT_ACTIVE_COMPILATION_CONDITIONS = DEBUG;
				SWIFT_OPTIMIZATION_LEVEL = "-Onone";
			};
			name = Debug;
		};
		D990AA6C29A2C75B00DF3500 /* Release */ = {
			isa = XCBuildConfiguration;
			buildSettings = {
				ALWAYS_SEARCH_USER_PATHS = NO;
				CLANG_ANALYZER_NONNULL = YES;
				CLANG_ANALYZER_NUMBER_OBJECT_CONVERSION = YES_AGGRESSIVE;
				CLANG_CXX_LANGUAGE_STANDARD = "gnu++20";
				CLANG_ENABLE_MODULES = YES;
				CLANG_ENABLE_OBJC_ARC = YES;
				CLANG_ENABLE_OBJC_WEAK = YES;
				CLANG_WARN_BLOCK_CAPTURE_AUTORELEASING = YES;
				CLANG_WARN_BOOL_CONVERSION = YES;
				CLANG_WARN_COMMA = YES;
				CLANG_WARN_CONSTANT_CONVERSION = YES;
				CLANG_WARN_DEPRECATED_OBJC_IMPLEMENTATIONS = YES;
				CLANG_WARN_DIRECT_OBJC_ISA_USAGE = YES_ERROR;
				CLANG_WARN_DOCUMENTATION_COMMENTS = YES;
				CLANG_WARN_EMPTY_BODY = YES;
				CLANG_WARN_ENUM_CONVERSION = YES;
				CLANG_WARN_INFINITE_RECURSION = YES;
				CLANG_WARN_INT_CONVERSION = YES;
				CLANG_WARN_NON_LITERAL_NULL_CONVERSION = YES;
				CLANG_WARN_OBJC_IMPLICIT_RETAIN_SELF = YES;
				CLANG_WARN_OBJC_LITERAL_CONVERSION = YES;
				CLANG_WARN_OBJC_ROOT_CLASS = YES_ERROR;
				CLANG_WARN_QUOTED_INCLUDE_IN_FRAMEWORK_HEADER = YES;
				CLANG_WARN_RANGE_LOOP_ANALYSIS = YES;
				CLANG_WARN_STRICT_PROTOTYPES = YES;
				CLANG_WARN_SUSPICIOUS_MOVE = YES;
				CLANG_WARN_UNGUARDED_AVAILABILITY = YES_AGGRESSIVE;
				CLANG_WARN_UNREACHABLE_CODE = YES;
				CLANG_WARN__DUPLICATE_METHOD_MATCH = YES;
				COPY_PHASE_STRIP = NO;
				DEBUG_INFORMATION_FORMAT = "dwarf-with-dsym";
				ENABLE_NS_ASSERTIONS = NO;
				ENABLE_STRICT_OBJC_MSGSEND = YES;
				GCC_C_LANGUAGE_STANDARD = gnu11;
				GCC_NO_COMMON_BLOCKS = YES;
				GCC_WARN_64_TO_32_BIT_CONVERSION = YES;
				GCC_WARN_ABOUT_RETURN_TYPE = YES_ERROR;
				GCC_WARN_UNDECLARED_SELECTOR = YES;
				GCC_WARN_UNINITIALIZED_AUTOS = YES_AGGRESSIVE;
				GCC_WARN_UNUSED_FUNCTION = YES;
				GCC_WARN_UNUSED_VARIABLE = YES;
				IPHONEOS_DEPLOYMENT_TARGET = 16.2;
				MTL_ENABLE_DEBUG_INFO = NO;
				MTL_FAST_MATH = YES;
				SDKROOT = iphoneos;
				SWIFT_COMPILATION_MODE = wholemodule;
				SWIFT_OPTIMIZATION_LEVEL = "-O";
				VALIDATE_PRODUCT = YES;
			};
			name = Release;
		};
		D990AA6E29A2C75B00DF3500 /* Debug */ = {
			isa = XCBuildConfiguration;
			buildSettings = {
				ASSETCATALOG_COMPILER_APPICON_NAME = AppIcon;
				ASSETCATALOG_COMPILER_GLOBAL_ACCENT_COLOR_NAME = AccentColor;
				CODE_SIGN_STYLE = Automatic;
				CURRENT_PROJECT_VERSION = 1;
				DEVELOPMENT_TEAM = M982BWXJ4N;
				GENERATE_INFOPLIST_FILE = YES;
				INFOPLIST_FILE = GitFollowers/Info.plist;
				INFOPLIST_KEY_UIApplicationSupportsIndirectInputEvents = YES;
				INFOPLIST_KEY_UILaunchStoryboardName = LaunchScreen;
				INFOPLIST_KEY_UISupportedInterfaceOrientations = UIInterfaceOrientationPortrait;
				INFOPLIST_KEY_UISupportedInterfaceOrientations_iPad = "UIInterfaceOrientationLandscapeLeft UIInterfaceOrientationLandscapeRight UIInterfaceOrientationPortrait UIInterfaceOrientationPortraitUpsideDown";
				LD_RUNPATH_SEARCH_PATHS = (
					"$(inherited)",
					"@executable_path/Frameworks",
				);
				MARKETING_VERSION = 1.0;
				PRODUCT_BUNDLE_IDENTIFIER = dev.danielpriestley.GitFollowers;
				PRODUCT_NAME = "$(TARGET_NAME)";
				SWIFT_EMIT_LOC_STRINGS = YES;
				SWIFT_VERSION = 5.0;
				TARGETED_DEVICE_FAMILY = "1,2";
			};
			name = Debug;
		};
		D990AA6F29A2C75B00DF3500 /* Release */ = {
			isa = XCBuildConfiguration;
			buildSettings = {
				ASSETCATALOG_COMPILER_APPICON_NAME = AppIcon;
				ASSETCATALOG_COMPILER_GLOBAL_ACCENT_COLOR_NAME = AccentColor;
				CODE_SIGN_STYLE = Automatic;
				CURRENT_PROJECT_VERSION = 1;
				DEVELOPMENT_TEAM = M982BWXJ4N;
				GENERATE_INFOPLIST_FILE = YES;
				INFOPLIST_FILE = GitFollowers/Info.plist;
				INFOPLIST_KEY_UIApplicationSupportsIndirectInputEvents = YES;
				INFOPLIST_KEY_UILaunchStoryboardName = LaunchScreen;
				INFOPLIST_KEY_UISupportedInterfaceOrientations = UIInterfaceOrientationPortrait;
				INFOPLIST_KEY_UISupportedInterfaceOrientations_iPad = "UIInterfaceOrientationLandscapeLeft UIInterfaceOrientationLandscapeRight UIInterfaceOrientationPortrait UIInterfaceOrientationPortraitUpsideDown";
				LD_RUNPATH_SEARCH_PATHS = (
					"$(inherited)",
					"@executable_path/Frameworks",
				);
				MARKETING_VERSION = 1.0;
				PRODUCT_BUNDLE_IDENTIFIER = dev.danielpriestley.GitFollowers;
				PRODUCT_NAME = "$(TARGET_NAME)";
				SWIFT_EMIT_LOC_STRINGS = YES;
				SWIFT_VERSION = 5.0;
				TARGETED_DEVICE_FAMILY = "1,2";
			};
			name = Release;
		};
/* End XCBuildConfiguration section */

/* Begin XCConfigurationList section */
		D990AA5429A2C75A00DF3500 /* Build configuration list for PBXProject "GitFollowers" */ = {
			isa = XCConfigurationList;
			buildConfigurations = (
				D990AA6B29A2C75B00DF3500 /* Debug */,
				D990AA6C29A2C75B00DF3500 /* Release */,
			);
			defaultConfigurationIsVisible = 0;
			defaultConfigurationName = Release;
		};
		D990AA6D29A2C75B00DF3500 /* Build configuration list for PBXNativeTarget "GitFollowers" */ = {
			isa = XCConfigurationList;
			buildConfigurations = (
				D990AA6E29A2C75B00DF3500 /* Debug */,
				D990AA6F29A2C75B00DF3500 /* Release */,
			);
			defaultConfigurationIsVisible = 0;
			defaultConfigurationName = Release;
		};
/* End XCConfigurationList section */
	};
	rootObject = D990AA5129A2C75A00DF3500 /* Project object */;
}
